
Microsoft Visual Studio Solution File, Format Version 12.00
# Visual Studio Version 17
VisualStudioVersion = 17.0.31903.59
MinimumVisualStudioVersion = 10.0.40219.1
Project("{2150E333-8FDC-42A3-9474-1A3956D46DE8}") = "src", "src", "{8A44490E-2A70-40AE-9564-E0B8C94AC272}"
EndProject
Project("{FAE04EC0-301F-11D3-BF4B-00C04F79EFBC}") = "WeatherCompare.Api", "src\WeatherCompare.Api\WeatherCompare.Api.csproj", "{B2563831-BFB7-4426-8F75-6E4F046CA479}"
EndProject
Project("{2150E333-8FDC-42A3-9474-1A3956D46DE8}") = "tests", "tests", "{09D33827-056A-4DC3-8B44-49030D727AE1}"
EndProject
Project("{FAE04EC0-301F-11D3-BF4B-00C04F79EFBC}") = "WeatherCompare.Tests", "tests\WeatherCompare.Tests\WeatherCompare.Tests.csproj", "{3FA93D37-931F-4179-989A-6D1D83A0D361}"
EndProject
Global
	GlobalSection(SolutionConfigurationPlatforms) = preSolution
		Debug|Any CPU = Debug|Any CPU
		Release|Any CPU = Release|Any CPU
	EndGlobalSection
	GlobalSection(SolutionProperties) = preSolution
		HideSolutionNode = FALSE
	EndGlobalSection
	GlobalSection(ProjectConfigurationPlatforms) = postSolution
		{B2563831-BFB7-4426-8F75-6E4F046CA479}.Debug|Any CPU.ActiveCfg = Debug|Any CPU
		{B2563831-BFB7-4426-8F75-6E4F046CA479}.Debug|Any CPU.Build.0 = Debug|Any CPU
		{B2563831-BFB7-4426-8F75-6E4F046CA479}.Release|Any CPU.ActiveCfg = Release|Any CPU
		{B2563831-BFB7-4426-8F75-6E4F046CA479}.Release|Any CPU.Build.0 = Release|Any CPU
		{3FA93D37-931F-4179-989A-6D1D83A0D361}.Debug|Any CPU.ActiveCfg = Debug|Any CPU
		{3FA93D37-931F-4179-989A-6D1D83A0D361}.Debug|Any CPU.Build.0 = Debug|Any CPU
		{3FA93D37-931F-4179-989A-6D1D83A0D361}.Release|Any CPU.ActiveCfg = Release|Any CPU
		{3FA93D37-931F-4179-989A-6D1D83A0D361}.Release|Any CPU.Build.0 = Release|Any CPU
	EndGlobalSection
	GlobalSection(NestedProjects) = preSolution
		{B2563831-BFB7-4426-8F75-6E4F046CA479} = {8A44490E-2A70-40AE-9564-E0B8C94AC272}
		{3FA93D37-931F-4179-989A-6D1D83A0D361} = {09D33827-056A-4DC3-8B44-49030D727AE1}
	EndGlobalSection
EndGlobal
